
Microsoft Visual Studio Solution File, Format Version 12.00
# Visual Studio 15
VisualStudioVersion = 15.0.27130.2024
MinimumVisualStudioVersion = 10.0.40219.1
Project("{FAE04EC0-301F-11D3-BF4B-00C04F79EFBC}") = "DAQSimulator_01", "DAQSimulator_01\DAQSimulator_01.csproj", "{DFB11677-0828-461D-950A-9A0E976D7869}"
EndProject
Global
	GlobalSection(SolutionConfigurationPlatforms) = preSolution
		Debug|Any CPU = Debug|Any CPU
		Release|Any CPU = Release|Any CPU
	EndGlobalSection
	GlobalSection(ProjectConfigurationPlatforms) = postSolution
		{DFB11677-0828-461D-950A-9A0E976D7869}.Debug|Any CPU.ActiveCfg = Debug|Any CPU
		{DFB11677-0828-461D-950A-9A0E976D7869}.Debug|Any CPU.Build.0 = Debug|Any CPU
		{DFB11677-0828-461D-950A-9A0E976D7869}.Release|Any CPU.ActiveCfg = Release|Any CPU
		{DFB11677-0828-461D-950A-9A0E976D7869}.Release|Any CPU.Build.0 = Release|Any CPU
	EndGlobalSection
	GlobalSection(SolutionProperties) = preSolution
		HideSolutionNode = FALSE
	EndGlobalSection
	GlobalSection(ExtensibilityGlobals) = postSolution
		SolutionGuid = {BA17918D-C483-4B03-8071-CF79C3FD9B03}
	EndGlobalSection
EndGlobal
